
Microsoft Visual Studio Solution File, Format Version 12.00
# Visual Studio Version 17
VisualStudioVersion = 17.9.34310.174
MinimumVisualStudioVersion = 10.0.40219.1
Project("{9A19103F-16F7-4668-BE54-9A1E7A4F7556}") = "CBash", "CBash.csproj", "{BEADA65B-177D-47B7-8D6A-62FF5A41FCBB}"
EndProject
Project("{9A19103F-16F7-4668-BE54-9A1E7A4F7556}") = "CheeseyUtils", "CheeseyUtils\CheeseyUtils.csproj", "{D656381D-E217-4F5F-9422-044899B38736}"
EndProject
Project("{2150E333-8FDC-42A3-9474-1A3956D46DE8}") = "Dependencies", "Dependencies", "{1F59835E-02C8-425E-888D-4FFD5E0BBF19}"
EndProject
Global
	GlobalSection(SolutionConfigurationPlatforms) = preSolution
		Debug|Any CPU = Debug|Any CPU
		Release|Any CPU = Release|Any CPU
	EndGlobalSection
	GlobalSection(ProjectConfigurationPlatforms) = postSolution
		{BEADA65B-177D-47B7-8D6A-62FF5A41FCBB}.Debug|Any CPU.ActiveCfg = Debug|Any CPU
		{BEADA65B-177D-47B7-8D6A-62FF5A41FCBB}.Debug|Any CPU.Build.0 = Debug|Any CPU
		{BEADA65B-177D-47B7-8D6A-62FF5A41FCBB}.Release|Any CPU.ActiveCfg = Release|Any CPU
		{BEADA65B-177D-47B7-8D6A-62FF5A41FCBB}.Release|Any CPU.Build.0 = Release|Any CPU
		{D656381D-E217-4F5F-9422-044899B38736}.Debug|Any CPU.ActiveCfg = Debug|Any CPU
		{D656381D-E217-4F5F-9422-044899B38736}.Debug|Any CPU.Build.0 = Debug|Any CPU
		{D656381D-E217-4F5F-9422-044899B38736}.Release|Any CPU.ActiveCfg = Release|Any CPU
		{D656381D-E217-4F5F-9422-044899B38736}.Release|Any CPU.Build.0 = Release|Any CPU
	EndGlobalSection
	GlobalSection(SolutionProperties) = preSolution
		HideSolutionNode = FALSE
	EndGlobalSection
	GlobalSection(NestedProjects) = preSolution
		{D656381D-E217-4F5F-9422-044899B38736} = {1F59835E-02C8-425E-888D-4FFD5E0BBF19}
	EndGlobalSection
	GlobalSection(ExtensibilityGlobals) = postSolution
		SolutionGuid = {33B0C89F-C4E6-4645-9149-3EACA81CBB5F}
	EndGlobalSection
EndGlobal
