
Microsoft Visual Studio Solution File, Format Version 12.00
# Visual Studio Version 17
VisualStudioVersion = 17.9.34310.174
MinimumVisualStudioVersion = 10.0.40219.1
Project("{9A19103F-16F7-4668-BE54-9A1E7A4F7556}") = "CheetahTerminal", "CheetahTerminal.csproj", "{BEADA65B-177D-47B7-8D6A-62FF5A41FCBB}"
EndProject
Project("{2150E333-8FDC-42A3-9474-1A3956D46DE8}") = "Dependencies", "Dependencies", "{1F59835E-02C8-425E-888D-4FFD5E0BBF19}"
EndProject
Project("{FAE04EC0-301F-11D3-BF4B-00C04F79EFBC}") = "sudo", "binaries\sudo\sudo.csproj", "{EB2E03EE-58A8-4A31-91D2-0EB7C31C22AD}"
EndProject
Project("{2150E333-8FDC-42A3-9474-1A3956D46DE8}") = "Applications", "Applications", "{3E8EED28-1E51-4617-94F0-C7477F00C5DA}"
EndProject
Project("{9A19103F-16F7-4668-BE54-9A1E7A4F7556}") = "CheetahUtils", "CheetahUtils\CheetahUtils.csproj", "{E0DA5A83-D331-4A62-B3C8-342DC60624CD}"
EndProject
Global
	GlobalSection(SolutionConfigurationPlatforms) = preSolution
		Debug|Any CPU = Debug|Any CPU
		Debug|Linux = Debug|Linux
		Debug|Windows = Debug|Windows
		Release|Any CPU = Release|Any CPU
		Release|Linux = Release|Linux
		Release|Windows = Release|Windows
	EndGlobalSection
	GlobalSection(ProjectConfigurationPlatforms) = postSolution
		{BEADA65B-177D-47B7-8D6A-62FF5A41FCBB}.Debug|Any CPU.ActiveCfg = Debug|Any CPU
		{BEADA65B-177D-47B7-8D6A-62FF5A41FCBB}.Debug|Any CPU.Build.0 = Debug|Any CPU
		{BEADA65B-177D-47B7-8D6A-62FF5A41FCBB}.Debug|Linux.ActiveCfg = Debug|Any CPU
		{BEADA65B-177D-47B7-8D6A-62FF5A41FCBB}.Debug|Linux.Build.0 = Debug|Any CPU
		{BEADA65B-177D-47B7-8D6A-62FF5A41FCBB}.Debug|Windows.ActiveCfg = Debug|Any CPU
		{BEADA65B-177D-47B7-8D6A-62FF5A41FCBB}.Debug|Windows.Build.0 = Debug|Any CPU
		{BEADA65B-177D-47B7-8D6A-62FF5A41FCBB}.Release|Any CPU.ActiveCfg = Release|Any CPU
		{BEADA65B-177D-47B7-8D6A-62FF5A41FCBB}.Release|Any CPU.Build.0 = Release|Any CPU
		{BEADA65B-177D-47B7-8D6A-62FF5A41FCBB}.Release|Linux.ActiveCfg = Release|Any CPU
		{BEADA65B-177D-47B7-8D6A-62FF5A41FCBB}.Release|Linux.Build.0 = Release|Any CPU
		{BEADA65B-177D-47B7-8D6A-62FF5A41FCBB}.Release|Windows.ActiveCfg = Release|Any CPU
		{BEADA65B-177D-47B7-8D6A-62FF5A41FCBB}.Release|Windows.Build.0 = Release|Any CPU
		{EB2E03EE-58A8-4A31-91D2-0EB7C31C22AD}.Debug|Any CPU.ActiveCfg = Debug|Any CPU
		{EB2E03EE-58A8-4A31-91D2-0EB7C31C22AD}.Debug|Any CPU.Build.0 = Debug|Any CPU
		{EB2E03EE-58A8-4A31-91D2-0EB7C31C22AD}.Debug|Linux.ActiveCfg = Debug|Any CPU
		{EB2E03EE-58A8-4A31-91D2-0EB7C31C22AD}.Debug|Windows.ActiveCfg = Debug|Any CPU
		{EB2E03EE-58A8-4A31-91D2-0EB7C31C22AD}.Release|Any CPU.ActiveCfg = Release|Any CPU
		{EB2E03EE-58A8-4A31-91D2-0EB7C31C22AD}.Release|Any CPU.Build.0 = Release|Any CPU
		{EB2E03EE-58A8-4A31-91D2-0EB7C31C22AD}.Release|Linux.ActiveCfg = Release|Any CPU
		{EB2E03EE-58A8-4A31-91D2-0EB7C31C22AD}.Release|Windows.ActiveCfg = Release|Any CPU
		{E0DA5A83-D331-4A62-B3C8-342DC60624CD}.Debug|Any CPU.ActiveCfg = Debug|Windows
		{E0DA5A83-D331-4A62-B3C8-342DC60624CD}.Debug|Any CPU.Build.0 = Debug|Windows
		{E0DA5A83-D331-4A62-B3C8-342DC60624CD}.Debug|Linux.ActiveCfg = Debug|Linux
		{E0DA5A83-D331-4A62-B3C8-342DC60624CD}.Debug|Linux.Build.0 = Debug|Linux
		{E0DA5A83-D331-4A62-B3C8-342DC60624CD}.Debug|Windows.ActiveCfg = Debug|Windows
		{E0DA5A83-D331-4A62-B3C8-342DC60624CD}.Debug|Windows.Build.0 = Debug|Windows
		{E0DA5A83-D331-4A62-B3C8-342DC60624CD}.Release|Any CPU.ActiveCfg = Release|Windows
		{E0DA5A83-D331-4A62-B3C8-342DC60624CD}.Release|Any CPU.Build.0 = Release|Windows
		{E0DA5A83-D331-4A62-B3C8-342DC60624CD}.Release|Linux.ActiveCfg = Release|Linux
		{E0DA5A83-D331-4A62-B3C8-342DC60624CD}.Release|Linux.Build.0 = Release|Linux
		{E0DA5A83-D331-4A62-B3C8-342DC60624CD}.Release|Windows.ActiveCfg = Release|Windows
		{E0DA5A83-D331-4A62-B3C8-342DC60624CD}.Release|Windows.Build.0 = Release|Windows
	EndGlobalSection
	GlobalSection(SolutionProperties) = preSolution
		HideSolutionNode = FALSE
	EndGlobalSection
	GlobalSection(NestedProjects) = preSolution
		{EB2E03EE-58A8-4A31-91D2-0EB7C31C22AD} = {3E8EED28-1E51-4617-94F0-C7477F00C5DA}
		{E0DA5A83-D331-4A62-B3C8-342DC60624CD} = {1F59835E-02C8-425E-888D-4FFD5E0BBF19}
	EndGlobalSection
	GlobalSection(ExtensibilityGlobals) = postSolution
		SolutionGuid = {33B0C89F-C4E6-4645-9149-3EACA81CBB5F}
	EndGlobalSection
EndGlobal
