
Microsoft Visual Studio Solution File, Format Version 12.00
# Visual Studio Version 17
VisualStudioVersion = 17.9.34310.174
MinimumVisualStudioVersion = 10.0.40219.1
Project("{9A19103F-16F7-4668-BE54-9A1E7A4F7556}") = "CheetahTerminal", "CheetahTerminal.csproj", "{B6DDB00F-8573-4647-BF33-F6949E752926}"
EndProject
Project("{2150E333-8FDC-42A3-9474-1A3956D46DE8}") = "Modules", "Modules", "{981A33FC-AC1F-4E2E-B7FF-A49A1BB9B52B}"
EndProject
Project("{9A19103F-16F7-4668-BE54-9A1E7A4F7556}") = "Example", "Projects\Modules\Example\Example.csproj", "{3DEF8978-0CB9-41FE-A55A-D216E1D24AD7}"
EndProject
Project("{2150E333-8FDC-42A3-9474-1A3956D46DE8}") = "Solution Items", "Solution Items", "{A12468E0-9784-48D8-A274-D538454B08E6}"
	ProjectSection(SolutionItems) = preProject
		.editorconfig = .editorconfig
	EndProjectSection
EndProject
Project("{9A19103F-16F7-4668-BE54-9A1E7A4F7556}") = "Tests", "Projects\Tests\Tests.csproj", "{341B8C26-7277-435F-B096-44D822C8AEBA}"
EndProject
Project("{9A19103F-16F7-4668-BE54-9A1E7A4F7556}") = "CHE Script", "Projects\Modules\CHE-Script\CHE Script\CHE Script.csproj", "{AD1BB40D-6C53-4BE6-9307-D33EB220E6F5}"
EndProject
Project("{2150E333-8FDC-42A3-9474-1A3956D46DE8}") = "Dependencies", "Dependencies", "{C81051D4-1A89-48EA-B752-828727CACB73}"
EndProject
Project("{9A19103F-16F7-4668-BE54-9A1E7A4F7556}") = "CheetahUtils", "Projects\Dependencies\CheetahUtils\CheetahUtils.csproj", "{A2EA34B8-638A-4204-92B8-6F638D3CA18F}"
EndProject
Global
	GlobalSection(SolutionConfigurationPlatforms) = preSolution
		Debug|Linux = Debug|Linux
		Debug|Windows = Debug|Windows
		Release|Linux = Release|Linux
		Release|Windows = Release|Windows
	EndGlobalSection
	GlobalSection(ProjectConfigurationPlatforms) = postSolution
		{B6DDB00F-8573-4647-BF33-F6949E752926}.Debug|Linux.ActiveCfg = Debug|Linux
		{B6DDB00F-8573-4647-BF33-F6949E752926}.Debug|Linux.Build.0 = Debug|Linux
		{B6DDB00F-8573-4647-BF33-F6949E752926}.Debug|Windows.ActiveCfg = Debug|Windows
		{B6DDB00F-8573-4647-BF33-F6949E752926}.Debug|Windows.Build.0 = Debug|Windows
		{B6DDB00F-8573-4647-BF33-F6949E752926}.Release|Linux.ActiveCfg = Release|Linux
		{B6DDB00F-8573-4647-BF33-F6949E752926}.Release|Linux.Build.0 = Release|Linux
		{B6DDB00F-8573-4647-BF33-F6949E752926}.Release|Windows.ActiveCfg = Release|Windows
		{B6DDB00F-8573-4647-BF33-F6949E752926}.Release|Windows.Build.0 = Release|Windows
		{3DEF8978-0CB9-41FE-A55A-D216E1D24AD7}.Debug|Linux.ActiveCfg = Debug|Linux
		{3DEF8978-0CB9-41FE-A55A-D216E1D24AD7}.Debug|Linux.Build.0 = Debug|Linux
		{3DEF8978-0CB9-41FE-A55A-D216E1D24AD7}.Debug|Windows.ActiveCfg = Debug|Windows
		{3DEF8978-0CB9-41FE-A55A-D216E1D24AD7}.Debug|Windows.Build.0 = Debug|Windows
		{3DEF8978-0CB9-41FE-A55A-D216E1D24AD7}.Release|Linux.ActiveCfg = Release|Linux
		{3DEF8978-0CB9-41FE-A55A-D216E1D24AD7}.Release|Linux.Build.0 = Release|Linux
		{3DEF8978-0CB9-41FE-A55A-D216E1D24AD7}.Release|Windows.ActiveCfg = Release|Windows
		{3DEF8978-0CB9-41FE-A55A-D216E1D24AD7}.Release|Windows.Build.0 = Release|Windows
		{341B8C26-7277-435F-B096-44D822C8AEBA}.Debug|Linux.ActiveCfg = Debug|Linux
		{341B8C26-7277-435F-B096-44D822C8AEBA}.Debug|Linux.Build.0 = Debug|Linux
		{341B8C26-7277-435F-B096-44D822C8AEBA}.Debug|Windows.ActiveCfg = Debug|Windows
		{341B8C26-7277-435F-B096-44D822C8AEBA}.Debug|Windows.Build.0 = Debug|Windows
		{341B8C26-7277-435F-B096-44D822C8AEBA}.Release|Linux.ActiveCfg = Release|Linux
		{341B8C26-7277-435F-B096-44D822C8AEBA}.Release|Linux.Build.0 = Release|Linux
		{341B8C26-7277-435F-B096-44D822C8AEBA}.Release|Windows.ActiveCfg = Release|Windows
		{341B8C26-7277-435F-B096-44D822C8AEBA}.Release|Windows.Build.0 = Release|Windows
		{AD1BB40D-6C53-4BE6-9307-D33EB220E6F5}.Debug|Linux.ActiveCfg = Debug|Linux
		{AD1BB40D-6C53-4BE6-9307-D33EB220E6F5}.Debug|Linux.Build.0 = Debug|Linux
		{AD1BB40D-6C53-4BE6-9307-D33EB220E6F5}.Debug|Windows.ActiveCfg = Debug|Windows
		{AD1BB40D-6C53-4BE6-9307-D33EB220E6F5}.Debug|Windows.Build.0 = Debug|Windows
		{AD1BB40D-6C53-4BE6-9307-D33EB220E6F5}.Release|Linux.ActiveCfg = Release|Linux
		{AD1BB40D-6C53-4BE6-9307-D33EB220E6F5}.Release|Linux.Build.0 = Release|Linux
		{AD1BB40D-6C53-4BE6-9307-D33EB220E6F5}.Release|Windows.ActiveCfg = Release|Windows
		{AD1BB40D-6C53-4BE6-9307-D33EB220E6F5}.Release|Windows.Build.0 = Release|Windows
		{A2EA34B8-638A-4204-92B8-6F638D3CA18F}.Debug|Linux.ActiveCfg = Debug|Linux
		{A2EA34B8-638A-4204-92B8-6F638D3CA18F}.Debug|Linux.Build.0 = Debug|Linux
		{A2EA34B8-638A-4204-92B8-6F638D3CA18F}.Debug|Windows.ActiveCfg = Debug|Windows
		{A2EA34B8-638A-4204-92B8-6F638D3CA18F}.Debug|Windows.Build.0 = Debug|Windows
		{A2EA34B8-638A-4204-92B8-6F638D3CA18F}.Release|Linux.ActiveCfg = Release|Linux
		{A2EA34B8-638A-4204-92B8-6F638D3CA18F}.Release|Linux.Build.0 = Release|Linux
		{A2EA34B8-638A-4204-92B8-6F638D3CA18F}.Release|Windows.ActiveCfg = Release|Windows
		{A2EA34B8-638A-4204-92B8-6F638D3CA18F}.Release|Windows.Build.0 = Release|Windows
	EndGlobalSection
	GlobalSection(SolutionProperties) = preSolution
		HideSolutionNode = FALSE
	EndGlobalSection
	GlobalSection(NestedProjects) = preSolution
		{3DEF8978-0CB9-41FE-A55A-D216E1D24AD7} = {981A33FC-AC1F-4E2E-B7FF-A49A1BB9B52B}
		{AD1BB40D-6C53-4BE6-9307-D33EB220E6F5} = {981A33FC-AC1F-4E2E-B7FF-A49A1BB9B52B}
		{A2EA34B8-638A-4204-92B8-6F638D3CA18F} = {C81051D4-1A89-48EA-B752-828727CACB73}
	EndGlobalSection
	GlobalSection(ExtensibilityGlobals) = postSolution
		SolutionGuid = {3ABFE3E5-BA59-405B-B7D8-D5E305825E71}
	EndGlobalSection
EndGlobal
